
Microsoft Visual Studio Solution File, Format Version 12.00
# Visual Studio 2013
VisualStudioVersion = 12.0.21005.1
MinimumVisualStudioVersion = 10.0.40219.1
Project("{159641D6-6404-4A2A-AE62-294DE0FE8301}") = "Chapter 05 - File Properties", "Integration Services Project1\Chapter 05 - File Properties.dtproj", "{2F7DE121-969B-4414-A8EE-7E0AD11DC272}"
EndProject
Global
	GlobalSection(SolutionConfigurationPlatforms) = preSolution
		Development|Default = Development|Default
	EndGlobalSection
	GlobalSection(ProjectConfigurationPlatforms) = postSolution
		{2F7DE121-969B-4414-A8EE-7E0AD11DC272}.Development|Default.ActiveCfg = Development
		{2F7DE121-969B-4414-A8EE-7E0AD11DC272}.Development|Default.Build.0 = Development
	EndGlobalSection
	GlobalSection(SolutionProperties) = preSolution
		HideSolutionNode = FALSE
	EndGlobalSection
EndGlobal
